// !$*UTF8*$!
{
	archiveVersion = 1;
	classes = {
	};
	objectVersion = 46;
	objects = {

/* Begin PBXBuildFile section */
		6B1F8E371F6C779300AE819D /* AppDelegate.swift in Sources */ = {isa = PBXBuildFile; fileRef = 6B1F8E361F6C779300AE819D /* AppDelegate.swift */; };
		6B1F8E391F6C779300AE819D /* ViewController.swift in Sources */ = {isa = PBXBuildFile; fileRef = 6B1F8E381F6C779300AE819D /* ViewController.swift */; };
		6B1F8E3C1F6C779300AE819D /* Main.storyboard in Resources */ = {isa = PBXBuildFile; fileRef = 6B1F8E3A1F6C779300AE819D /* Main.storyboard */; };
		6B1F8E3E1F6C779300AE819D /* Assets.xcassets in Resources */ = {isa = PBXBuildFile; fileRef = 6B1F8E3D1F6C779300AE819D /* Assets.xcassets */; };
		6B1F8E411F6C779300AE819D /* LaunchScreen.storyboard in Resources */ = {isa = PBXBuildFile; fileRef = 6B1F8E3F1F6C779300AE819D /* LaunchScreen.storyboard */; };
		6B1F8E4C1F6C779300AE819D /* searchview_demo_iosTests.swift in Sources */ = {isa = PBXBuildFile; fileRef = 6B1F8E4B1F6C779300AE819D /* searchview_demo_iosTests.swift */; };
		6B1F8E571F6C779300AE819D /* searchview_demo_iosUITests.swift in Sources */ = {isa = PBXBuildFile; fileRef = 6B1F8E561F6C779300AE819D /* searchview_demo_iosUITests.swift */; };
		6B1F8E651F6C78D900AE819D /* Name.swift in Sources */ = {isa = PBXBuildFile; fileRef = 6B1F8E641F6C78D900AE819D /* Name.swift */; };
/* End PBXBuildFile section */

/* Begin PBXContainerItemProxy section */
		6B1F8E481F6C779300AE819D /* PBXContainerItemProxy */ = {
			isa = PBXContainerItemProxy;
			containerPortal = 6B1F8E2B1F6C779300AE819D /* Project object */;
			proxyType = 1;
			remoteGlobalIDString = 6B1F8E321F6C779300AE819D;
			remoteInfo = searchview_demo_ios;
		};
		6B1F8E531F6C779300AE819D /* PBXContainerItemProxy */ = {
			isa = PBXContainerItemProxy;
			containerPortal = 6B1F8E2B1F6C779300AE819D /* Project object */;
			proxyType = 1;
			remoteGlobalIDString = 6B1F8E321F6C779300AE819D;
			remoteInfo = searchview_demo_ios;
		};
/* End PBXContainerItemProxy section */

/* Begin PBXFileReference section */
		6B1F8E331F6C779300AE819D /* searchview_demo_ios.app */ = {isa = PBXFileReference; explicitFileType = wrapper.application; includeInIndex = 0; path = searchview_demo_ios.app; sourceTree = BUILT_PRODUCTS_DIR; };
		6B1F8E361F6C779300AE819D /* AppDelegate.swift */ = {isa = PBXFileReference; lastKnownFileType = sourcecode.swift; path = AppDelegate.swift; sourceTree = "<group>"; };
		6B1F8E381F6C779300AE819D /* ViewController.swift */ = {isa = PBXFileReference; lastKnownFileType = sourcecode.swift; path = ViewController.swift; sourceTree = "<group>"; };
		6B1F8E3B1F6C779300AE819D /* Base */ = {isa = PBXFileReference; lastKnownFileType = file.storyboard; name = Base; path = Base.lproj/Main.storyboard; sourceTree = "<group>"; };
		6B1F8E3D1F6C779300AE819D /* Assets.xcassets */ = {isa = PBXFileReference; lastKnownFileType = folder.assetcatalog; path = Assets.xcassets; sourceTree = "<group>"; };
		6B1F8E401F6C779300AE819D /* Base */ = {isa = PBXFileReference; lastKnownFileType = file.storyboard; name = Base; path = Base.lproj/LaunchScreen.storyboard; sourceTree = "<group>"; };
		6B1F8E421F6C779300AE819D /* Info.plist */ = {isa = PBXFileReference; lastKnownFileType = text.plist.xml; path = Info.plist; sourceTree = "<group>"; };
		6B1F8E471F6C779300AE819D /* searchview_demo_iosTests.xctest */ = {isa = PBXFileReference; explicitFileType = wrapper.cfbundle; includeInIndex = 0; path = searchview_demo_iosTests.xctest; sourceTree = BUILT_PRODUCTS_DIR; };
		6B1F8E4B1F6C779300AE819D /* searchview_demo_iosTests.swift */ = {isa = PBXFileReference; lastKnownFileType = sourcecode.swift; path = searchview_demo_iosTests.swift; sourceTree = "<group>"; };
		6B1F8E4D1F6C779300AE819D /* Info.plist */ = {isa = PBXFileReference; lastKnownFileType = text.plist.xml; path = Info.plist; sourceTree = "<group>"; };
		6B1F8E521F6C779300AE819D /* searchview_demo_iosUITests.xctest */ = {isa = PBXFileReference; explicitFileType = wrapper.cfbundle; includeInIndex = 0; path = searchview_demo_iosUITests.xctest; sourceTree = BUILT_PRODUCTS_DIR; };
		6B1F8E561F6C779300AE819D /* searchview_demo_iosUITests.swift */ = {isa = PBXFileReference; lastKnownFileType = sourcecode.swift; path = searchview_demo_iosUITests.swift; sourceTree = "<group>"; };
		6B1F8E581F6C779300AE819D /* Info.plist */ = {isa = PBXFileReference; lastKnownFileType = text.plist.xml; path = Info.plist; sourceTree = "<group>"; };
		6B1F8E641F6C78D900AE819D /* Name.swift */ = {isa = PBXFileReference; fileEncoding = 4; lastKnownFileType = sourcecode.swift; path = Name.swift; sourceTree = "<group>"; };
/* End PBXFileReference section */

/* Begin PBXFrameworksBuildPhase section */
		6B1F8E301F6C779300AE819D /* Frameworks */ = {
			isa = PBXFrameworksBuildPhase;
			buildActionMask = 2147483647;
			files = (
			);
			runOnlyForDeploymentPostprocessing = 0;
		};
		6B1F8E441F6C779300AE819D /* Frameworks */ = {
			isa = PBXFrameworksBuildPhase;
			buildActionMask = 2147483647;
			files = (
			);
			runOnlyForDeploymentPostprocessing = 0;
		};
		6B1F8E4F1F6C779300AE819D /* Frameworks */ = {
			isa = PBXFrameworksBuildPhase;
			buildActionMask = 2147483647;
			files = (
			);
			runOnlyForDeploymentPostprocessing = 0;
		};
/* End PBXFrameworksBuildPhase section */

/* Begin PBXGroup section */
		6B1F8E2A1F6C779300AE819D = {
			isa = PBXGroup;
			children = (
				6B1F8E351F6C779300AE819D /* searchview_demo_ios */,
				6B1F8E4A1F6C779300AE819D /* searchview_demo_iosTests */,
				6B1F8E551F6C779300AE819D /* searchview_demo_iosUITests */,
				6B1F8E341F6C779300AE819D /* Products */,
			);
			sourceTree = "<group>";
		};
		6B1F8E341F6C779300AE819D /* Products */ = {
			isa = PBXGroup;
			children = (
				6B1F8E331F6C779300AE819D /* searchview_demo_ios.app */,
				6B1F8E471F6C779300AE819D /* searchview_demo_iosTests.xctest */,
				6B1F8E521F6C779300AE819D /* searchview_demo_iosUITests.xctest */,
			);
			name = Products;
			sourceTree = "<group>";
		};
		6B1F8E351F6C779300AE819D /* searchview_demo_ios */ = {
			isa = PBXGroup;
			children = (
				6B1F8E361F6C779300AE819D /* AppDelegate.swift */,
				6B1F8E381F6C779300AE819D /* ViewController.swift */,
				6B1F8E3A1F6C779300AE819D /* Main.storyboard */,
				6B1F8E3D1F6C779300AE819D /* Assets.xcassets */,
				6B1F8E3F1F6C779300AE819D /* LaunchScreen.storyboard */,
				6B1F8E421F6C779300AE819D /* Info.plist */,
				6B1F8E641F6C78D900AE819D /* Name.swift */,
			);
			path = searchview_demo_ios;
			sourceTree = "<group>";
		};
		6B1F8E4A1F6C779300AE819D /* searchview_demo_iosTests */ = {
			isa = PBXGroup;
			children = (
				6B1F8E4B1F6C779300AE819D /* searchview_demo_iosTests.swift */,
				6B1F8E4D1F6C779300AE819D /* Info.plist */,
			);
			path = searchview_demo_iosTests;
			sourceTree = "<group>";
		};
		6B1F8E551F6C779300AE819D /* searchview_demo_iosUITests */ = {
			isa = PBXGroup;
			children = (
				6B1F8E561F6C779300AE819D /* searchview_demo_iosUITests.swift */,
				6B1F8E581F6C779300AE819D /* Info.plist */,
			);
			path = searchview_demo_iosUITests;
			sourceTree = "<group>";
		};
/* End PBXGroup section */

/* Begin PBXNativeTarget section */
		6B1F8E321F6C779300AE819D /* searchview_demo_ios */ = {
			isa = PBXNativeTarget;
			buildConfigurationList = 6B1F8E5B1F6C779300AE819D /* Build configuration list for PBXNativeTarget "searchview_demo_ios" */;
			buildPhases = (
				6B1F8E2F1F6C779300AE819D /* Sources */,
				6B1F8E301F6C779300AE819D /* Frameworks */,
				6B1F8E311F6C779300AE819D /* Resources */,
			);
			buildRules = (
			);
			dependencies = (
			);
			name = searchview_demo_ios;
			productName = searchview_demo_ios;
			productReference = 6B1F8E331F6C779300AE819D /* searchview_demo_ios.app */;
			productType = "com.apple.product-type.application";
		};
		6B1F8E461F6C779300AE819D /* searchview_demo_iosTests */ = {
			isa = PBXNativeTarget;
			buildConfigurationList = 6B1F8E5E1F6C779300AE819D /* Build configuration list for PBXNativeTarget "searchview_demo_iosTests" */;
			buildPhases = (
				6B1F8E431F6C779300AE819D /* Sources */,
				6B1F8E441F6C779300AE819D /* Frameworks */,
				6B1F8E451F6C779300AE819D /* Resources */,
			);
			buildRules = (
			);
			dependencies = (
				6B1F8E491F6C779300AE819D /* PBXTargetDependency */,
			);
			name = searchview_demo_iosTests;
			productName = searchview_demo_iosTests;
			productReference = 6B1F8E471F6C779300AE819D /* searchview_demo_iosTests.xctest */;
			productType = "com.apple.product-type.bundle.unit-test";
		};
		6B1F8E511F6C779300AE819D /* searchview_demo_iosUITests */ = {
			isa = PBXNativeTarget;
			buildConfigurationList = 6B1F8E611F6C779300AE819D /* Build configuration list for PBXNativeTarget "searchview_demo_iosUITests" */;
			buildPhases = (
				6B1F8E4E1F6C779300AE819D /* Sources */,
				6B1F8E4F1F6C779300AE819D /* Frameworks */,
				6B1F8E501F6C779300AE819D /* Resources */,
			);
			buildRules = (
			);
			dependencies = (
				6B1F8E541F6C779300AE819D /* PBXTargetDependency */,
			);
			name = searchview_demo_iosUITests;
			productName = searchview_demo_iosUITests;
			productReference = 6B1F8E521F6C779300AE819D /* searchview_demo_iosUITests.xctest */;
			productType = "com.apple.product-type.bundle.ui-testing";
		};
/* End PBXNativeTarget section */

/* Begin PBXProject section */
		6B1F8E2B1F6C779300AE819D /* Project object */ = {
			isa = PBXProject;
			attributes = {
				LastSwiftUpdateCheck = 0830;
				LastUpgradeCheck = 0830;
				ORGANIZATIONNAME = "BEET Solutions AB";
				TargetAttributes = {
					6B1F8E321F6C779300AE819D = {
						CreatedOnToolsVersion = 8.3.2;
						DevelopmentTeam = 8VSATCXEJB;
						ProvisioningStyle = Automatic;
					};
					6B1F8E461F6C779300AE819D = {
						CreatedOnToolsVersion = 8.3.2;
						DevelopmentTeam = 7NHC552JXQ;
						ProvisioningStyle = Automatic;
						TestTargetID = 6B1F8E321F6C779300AE819D;
					};
					6B1F8E511F6C779300AE819D = {
						CreatedOnToolsVersion = 8.3.2;
						DevelopmentTeam = 7NHC552JXQ;
						ProvisioningStyle = Automatic;
						TestTargetID = 6B1F8E321F6C779300AE819D;
					};
				};
			};
			buildConfigurationList = 6B1F8E2E1F6C779300AE819D /* Build configuration list for PBXProject "searchview_demo_ios" */;
			compatibilityVersion = "Xcode 3.2";
			developmentRegion = English;
			hasScannedForEncodings = 0;
			knownRegions = (
				en,
				Base,
			);
			mainGroup = 6B1F8E2A1F6C779300AE819D;
			productRefGroup = 6B1F8E341F6C779300AE819D /* Products */;
			projectDirPath = "";
			projectRoot = "";
			targets = (
				6B1F8E321F6C779300AE819D /* searchview_demo_ios */,
				6B1F8E461F6C779300AE819D /* searchview_demo_iosTests */,
				6B1F8E511F6C779300AE819D /* searchview_demo_iosUITests */,
			);
		};
/* End PBXProject section */

/* Begin PBXResourcesBuildPhase section */
		6B1F8E311F6C779300AE819D /* Resources */ = {
			isa = PBXResourcesBuildPhase;
			buildActionMask = 2147483647;
			files = (
				6B1F8E411F6C779300AE819D /* LaunchScreen.storyboard in Resources */,
				6B1F8E3E1F6C779300AE819D /* Assets.xcassets in Resources */,
				6B1F8E3C1F6C779300AE819D /* Main.storyboard in Resources */,
			);
			runOnlyForDeploymentPostprocessing = 0;
		};
		6B1F8E451F6C779300AE819D /* Resources */ = {
			isa = PBXResourcesBuildPhase;
			buildActionMask = 2147483647;
			files = (
			);
			runOnlyForDeploymentPostprocessing = 0;
		};
		6B1F8E501F6C779300AE819D /* Resources */ = {
			isa = PBXResourcesBuildPhase;
			buildActionMask = 2147483647;
			files = (
			);
			runOnlyForDeploymentPostprocessing = 0;
		};
/* End PBXResourcesBuildPhase section */

/* Begin PBXSourcesBuildPhase section */
		6B1F8E2F1F6C779300AE819D /* Sources */ = {
			isa = PBXSourcesBuildPhase;
			buildActionMask = 2147483647;
			files = (
				6B1F8E651F6C78D900AE819D /* Name.swift in Sources */,
				6B1F8E391F6C779300AE819D /* ViewController.swift in Sources */,
				6B1F8E371F6C779300AE819D /* AppDelegate.swift in Sources */,
			);
			runOnlyForDeploymentPostprocessing = 0;
		};
		6B1F8E431F6C779300AE819D /* Sources */ = {
			isa = PBXSourcesBuildPhase;
			buildActionMask = 2147483647;
			files = (
				6B1F8E4C1F6C779300AE819D /* searchview_demo_iosTests.swift in Sources */,
			);
			runOnlyForDeploymentPostprocessing = 0;
		};
		6B1F8E4E1F6C779300AE819D /* Sources */ = {
			isa = PBXSourcesBuildPhase;
			buildActionMask = 2147483647;
			files = (
				6B1F8E571F6C779300AE819D /* searchview_demo_iosUITests.swift in Sources */,
			);
			runOnlyForDeploymentPostprocessing = 0;
		};
/* End PBXSourcesBuildPhase section */

/* Begin PBXTargetDependency section */
		6B1F8E491F6C779300AE819D /* PBXTargetDependency */ = {
			isa = PBXTargetDependency;
			target = 6B1F8E321F6C779300AE819D /* searchview_demo_ios */;
			targetProxy = 6B1F8E481F6C779300AE819D /* PBXContainerItemProxy */;
		};
		6B1F8E541F6C779300AE819D /* PBXTargetDependency */ = {
			isa = PBXTargetDependency;
			target = 6B1F8E321F6C779300AE819D /* searchview_demo_ios */;
			targetProxy = 6B1F8E531F6C779300AE819D /* PBXContainerItemProxy */;
		};
/* End PBXTargetDependency section */

/* Begin PBXVariantGroup section */
		6B1F8E3A1F6C779300AE819D /* Main.storyboard */ = {
			isa = PBXVariantGroup;
			children = (
				6B1F8E3B1F6C779300AE819D /* Base */,
			);
			name = Main.storyboard;
			sourceTree = "<group>";
		};
		6B1F8E3F1F6C779300AE819D /* LaunchScreen.storyboard */ = {
			isa = PBXVariantGroup;
			children = (
				6B1F8E401F6C779300AE819D /* Base */,
			);
			name = LaunchScreen.storyboard;
			sourceTree = "<group>";
		};
/* End PBXVariantGroup section */

/* Begin XCBuildConfiguration section */
		6B1F8E591F6C779300AE819D /* Debug */ = {
			isa = XCBuildConfiguration;
			buildSettings = {
				ALWAYS_SEARCH_USER_PATHS = NO;
				CLANG_ANALYZER_NONNULL = YES;
				CLANG_ANALYZER_NUMBER_OBJECT_CONVERSION = YES_AGGRESSIVE;
				CLANG_CXX_LANGUAGE_STANDARD = "gnu++0x";
				CLANG_CXX_LIBRARY = "libc++";
				CLANG_ENABLE_MODULES = YES;
				CLANG_ENABLE_OBJC_ARC = YES;
				CLANG_WARN_BOOL_CONVERSION = YES;
				CLANG_WARN_CONSTANT_CONVERSION = YES;
				CLANG_WARN_DIRECT_OBJC_ISA_USAGE = YES_ERROR;
				CLANG_WARN_DOCUMENTATION_COMMENTS = YES;
				CLANG_WARN_EMPTY_BODY = YES;
				CLANG_WARN_ENUM_CONVERSION = YES;
				CLANG_WARN_INFINITE_RECURSION = YES;
				CLANG_WARN_INT_CONVERSION = YES;
				CLANG_WARN_OBJC_ROOT_CLASS = YES_ERROR;
				CLANG_WARN_SUSPICIOUS_MOVE = YES;
				CLANG_WARN_UNREACHABLE_CODE = YES;
				CLANG_WARN__DUPLICATE_METHOD_MATCH = YES;
				"CODE_SIGN_IDENTITY[sdk=iphoneos*]" = "iPhone Developer";
				COPY_PHASE_STRIP = NO;
				DEBUG_INFORMATION_FORMAT = dwarf;
				ENABLE_STRICT_OBJC_MSGSEND = YES;
				ENABLE_TESTABILITY = YES;
				GCC_C_LANGUAGE_STANDARD = gnu99;
				GCC_DYNAMIC_NO_PIC = NO;
				GCC_NO_COMMON_BLOCKS = YES;
				GCC_OPTIMIZATION_LEVEL = 0;
				GCC_PREPROCESSOR_DEFINITIONS = (
					"DEBUG=1",
					"$(inherited)",
				);
				GCC_WARN_64_TO_32_BIT_CONVERSION = YES;
				GCC_WARN_ABOUT_RETURN_TYPE = YES_ERROR;
				GCC_WARN_UNDECLARED_SELECTOR = YES;
				GCC_WARN_UNINITIALIZED_AUTOS = YES_AGGRESSIVE;
				GCC_WARN_UNUSED_FUNCTION = YES;
				GCC_WARN_UNUSED_VARIABLE = YES;
				IPHONEOS_DEPLOYMENT_TARGET = 10.3;
				MTL_ENABLE_DEBUG_INFO = YES;
				ONLY_ACTIVE_ARCH = YES;
				SDKROOT = iphoneos;
				SWIFT_ACTIVE_COMPILATION_CONDITIONS = DEBUG;
				SWIFT_OPTIMIZATION_LEVEL = "-Onone";
				TARGETED_DEVICE_FAMILY = "1,2";
			};
			name = Debug;
		};
		6B1F8E5A1F6C779300AE819D /* Release */ = {
			isa = XCBuildConfiguration;
			buildSettings = {
				ALWAYS_SEARCH_USER_PATHS = NO;
				CLANG_ANALYZER_NONNULL = YES;
				CLANG_ANALYZER_NUMBER_OBJECT_CONVERSION = YES_AGGRESSIVE;
				CLANG_CXX_LANGUAGE_STANDARD = "gnu++0x";
				CLANG_CXX_LIBRARY = "libc++";
				CLANG_ENABLE_MODULES = YES;
				CLANG_ENABLE_OBJC_ARC = YES;
				CLANG_WARN_BOOL_CONVERSION = YES;
				CLANG_WARN_CONSTANT_CONVERSION = YES;
				CLANG_WARN_DIRECT_OBJC_ISA_USAGE = YES_ERROR;
				CLANG_WARN_DOCUMENTATION_COMMENTS = YES;
				CLANG_WARN_EMPTY_BODY = YES;
				CLANG_WARN_ENUM_CONVERSION = YES;
				CLANG_WARN_INFINITE_RECURSION = YES;
				CLANG_WARN_INT_CONVERSION = YES;
				CLANG_WARN_OBJC_ROOT_CLASS = YES_ERROR;
				CLANG_WARN_SUSPICIOUS_MOVE = YES;
				CLANG_WARN_UNREACHABLE_CODE = YES;
				CLANG_WARN__DUPLICATE_METHOD_MATCH = YES;
				"CODE_SIGN_IDENTITY[sdk=iphoneos*]" = "iPhone Developer";
				COPY_PHASE_STRIP = NO;
				DEBUG_INFORMATION_FORMAT = "dwarf-with-dsym";
				ENABLE_NS_ASSERTIONS = NO;
				ENABLE_STRICT_OBJC_MSGSEND = YES;
				GCC_C_LANGUAGE_STANDARD = gnu99;
				GCC_NO_COMMON_BLOCKS = YES;
				GCC_WARN_64_TO_32_BIT_CONVERSION = YES;
				GCC_WARN_ABOUT_RETURN_TYPE = YES_ERROR;
				GCC_WARN_UNDECLARED_SELECTOR = YES;
				GCC_WARN_UNINITIALIZED_AUTOS = YES_AGGRESSIVE;
				GCC_WARN_UNUSED_FUNCTION = YES;
				GCC_WARN_UNUSED_VARIABLE = YES;
				IPHONEOS_DEPLOYMENT_TARGET = 10.3;
				MTL_ENABLE_DEBUG_INFO = NO;
				SDKROOT = iphoneos;
				SWIFT_OPTIMIZATION_LEVEL = "-Owholemodule";
				TARGETED_DEVICE_FAMILY = "1,2";
				VALIDATE_PRODUCT = YES;
			};
			name = Release;
		};
		6B1F8E5C1F6C779300AE819D /* Debug */ = {
			isa = XCBuildConfiguration;
			buildSettings = {
				ASSETCATALOG_COMPILER_APPICON_NAME = AppIcon;
				DEVELOPMENT_TEAM = 8VSATCXEJB;
				INFOPLIST_FILE = searchview_demo_ios/Info.plist;
				LD_RUNPATH_SEARCH_PATHS = "$(inherited) @executable_path/Frameworks";
				PRODUCT_BUNDLE_IDENTIFIER = "com.beetsolutions.searchview-demo-ios";
				PRODUCT_NAME = "$(TARGET_NAME)";
				SWIFT_VERSION = 3.0;
			};
			name = Debug;
		};
		6B1F8E5D1F6C779300AE819D /* Release */ = {
			isa = XCBuildConfiguration;
			buildSettings = {
				ASSETCATALOG_COMPILER_APPICON_NAME = AppIcon;
				DEVELOPMENT_TEAM = 8VSATCXEJB;
				INFOPLIST_FILE = searchview_demo_ios/Info.plist;
				LD_RUNPATH_SEARCH_PATHS = "$(inherited) @executable_path/Frameworks";
				PRODUCT_BUNDLE_IDENTIFIER = "com.beetsolutions.searchview-demo-ios";
				PRODUCT_NAME = "$(TARGET_NAME)";
				SWIFT_VERSION = 3.0;
			};
			name = Release;
		};
		6B1F8E5F1F6C779300AE819D /* Debug */ = {
			isa = XCBuildConfiguration;
			buildSettings = {
				ALWAYS_EMBED_SWIFT_STANDARD_LIBRARIES = YES;
				BUNDLE_LOADER = "$(TEST_HOST)";
				DEVELOPMENT_TEAM = 7NHC552JXQ;
				INFOPLIST_FILE = searchview_demo_iosTests/Info.plist;
				LD_RUNPATH_SEARCH_PATHS = "$(inherited) @executable_path/Frameworks @loader_path/Frameworks";
				PRODUCT_BUNDLE_IDENTIFIER = "com.beetsolutions.searchview-demo-iosTests";
				PRODUCT_NAME = "$(TARGET_NAME)";
				SWIFT_VERSION = 3.0;
				TEST_HOST = "$(BUILT_PRODUCTS_DIR)/searchview_demo_ios.app/searchview_demo_ios";
			};
			name = Debug;
		};
		6B1F8E601F6C779300AE819D /* Release */ = {
			isa = XCBuildConfiguration;
			buildSettings = {
				ALWAYS_EMBED_SWIFT_STANDARD_LIBRARIES = YES;
				BUNDLE_LOADER = "$(TEST_HOST)";
				DEVELOPMENT_TEAM = 7NHC552JXQ;
				INFOPLIST_FILE = searchview_demo_iosTests/Info.plist;
				LD_RUNPATH_SEARCH_PATHS = "$(inherited) @executable_path/Frameworks @loader_path/Frameworks";
				PRODUCT_BUNDLE_IDENTIFIER = "com.beetsolutions.searchview-demo-iosTests";
				PRODUCT_NAME = "$(TARGET_NAME)";
				SWIFT_VERSION = 3.0;
				TEST_HOST = "$(BUILT_PRODUCTS_DIR)/searchview_demo_ios.app/searchview_demo_ios";
			};
			name = Release;
		};
		6B1F8E621F6C779300AE819D /* Debug */ = {
			isa = XCBuildConfiguration;
			buildSettings = {
				ALWAYS_EMBED_SWIFT_STANDARD_LIBRARIES = YES;
				DEVELOPMENT_TEAM = 7NHC552JXQ;
				INFOPLIST_FILE = searchview_demo_iosUITests/Info.plist;
				LD_RUNPATH_SEARCH_PATHS = "$(inherited) @executable_path/Frameworks @loader_path/Frameworks";
				PRODUCT_BUNDLE_IDENTIFIER = "com.beetsolutions.searchview-demo-iosUITests";
				PRODUCT_NAME = "$(TARGET_NAME)";
				SWIFT_VERSION = 3.0;
				TEST_TARGET_NAME = searchview_demo_ios;
			};
			name = Debug;
		};
		6B1F8E631F6C779300AE819D /* Release */ = {
			isa = XCBuildConfiguration;
			buildSettings = {
				ALWAYS_EMBED_SWIFT_STANDARD_LIBRARIES = YES;
				DEVELOPMENT_TEAM = 7NHC552JXQ;
				INFOPLIST_FILE = searchview_demo_iosUITests/Info.plist;
				LD_RUNPATH_SEARCH_PATHS = "$(inherited) @executable_path/Frameworks @loader_path/Frameworks";
				PRODUCT_BUNDLE_IDENTIFIER = "com.beetsolutions.searchview-demo-iosUITests";
				PRODUCT_NAME = "$(TARGET_NAME)";
				SWIFT_VERSION = 3.0;
				TEST_TARGET_NAME = searchview_demo_ios;
			};
			name = Release;
		};
/* End XCBuildConfiguration section */

/* Begin XCConfigurationList section */
		6B1F8E2E1F6C779300AE819D /* Build configuration list for PBXProject "searchview_demo_ios" */ = {
			isa = XCConfigurationList;
			buildConfigurations = (
				6B1F8E591F6C779300AE819D /* Debug */,
				6B1F8E5A1F6C779300AE819D /* Release */,
			);
			defaultConfigurationIsVisible = 0;
			defaultConfigurationName = Release;
		};
		6B1F8E5B1F6C779300AE819D /* Build configuration list for PBXNativeTarget "searchview_demo_ios" */ = {
			isa = XCConfigurationList;
			buildConfigurations = (
				6B1F8E5C1F6C779300AE819D /* Debug */,
				6B1F8E5D1F6C779300AE819D /* Release */,
			);
			defaultConfigurationIsVisible = 0;
		};
		6B1F8E5E1F6C779300AE819D /* Build configuration list for PBXNativeTarget "searchview_demo_iosTests" */ = {
			isa = XCConfigurationList;
			buildConfigurations = (
				6B1F8E5F1F6C779300AE819D /* Debug */,
				6B1F8E601F6C779300AE819D /* Release */,
			);
			defaultConfigurationIsVisible = 0;
		};
		6B1F8E611F6C779300AE819D /* Build configuration list for PBXNativeTarget "searchview_demo_iosUITests" */ = {
			isa = XCConfigurationList;
			buildConfigurations = (
				6B1F8E621F6C779300AE819D /* Debug */,
				6B1F8E631F6C779300AE819D /* Release */,
			);
			defaultConfigurationIsVisible = 0;
		};
/* End XCConfigurationList section */
	};
	rootObject = 6B1F8E2B1F6C779300AE819D /* Project object */;
}
